
Microsoft Visual Studio Solution File, Format Version 12.00
# Visual Studio Version 16
VisualStudioVersion = 16.0.29613.14
MinimumVisualStudioVersion = 10.0.40219.1
Project("{F184B08F-C81C-45F6-A57F-5ABD9991F28F}") = "CandleReaderServer", "CandleReaderServer\CandleReaderServer.vbproj", "{640F666C-4135-4FAD-BE23-4D148534B8D6}"
EndProject
Global
	GlobalSection(SolutionConfigurationPlatforms) = preSolution
		Debug|Any CPU = Debug|Any CPU
		Release|Any CPU = Release|Any CPU
	EndGlobalSection
	GlobalSection(ProjectConfigurationPlatforms) = postSolution
		{640F666C-4135-4FAD-BE23-4D148534B8D6}.Debug|Any CPU.ActiveCfg = Debug|Any CPU
		{640F666C-4135-4FAD-BE23-4D148534B8D6}.Debug|Any CPU.Build.0 = Debug|Any CPU
		{640F666C-4135-4FAD-BE23-4D148534B8D6}.Release|Any CPU.ActiveCfg = Release|Any CPU
		{640F666C-4135-4FAD-BE23-4D148534B8D6}.Release|Any CPU.Build.0 = Release|Any CPU
	EndGlobalSection
	GlobalSection(SolutionProperties) = preSolution
		HideSolutionNode = FALSE
	EndGlobalSection
	GlobalSection(ExtensibilityGlobals) = postSolution
		SolutionGuid = {A556B390-5132-47EF-A16F-ECA98CE4F535}
	EndGlobalSection
EndGlobal
